{
    "version": 3,
    "terraform_version": "0.10.8",
    "serial": 11,
    "lineage": "0f558aea-3571-4876-a251-a6d44298a639",
    "modules": [
        {
            "path": [
                "root"
            ],
            "outputs": {},
            "resources": {
                "aws_default_route_table.rtable": {
                    "type": "aws_default_route_table",
                    "depends_on": [
                        "aws_internet_gateway.gw",
                        "aws_vpc.vpc"
                    ],
                    "primary": {
                        "id": "rtb-0a5db577",
                        "attributes": {
                            "default_route_table_id": "rtb-0a5db577",
                            "id": "rtb-0a5db577",
                            "propagating_vgws.#": "0",
                            "route.#": "1",
                            "route.3388492170.cidr_block": "0.0.0.0/0",
                            "route.3388492170.egress_only_gateway_id": "",
                            "route.3388492170.gateway_id": "igw-e6e0999f",
                            "route.3388492170.instance_id": "",
                            "route.3388492170.ipv6_cidr_block": "",
                            "route.3388492170.nat_gateway_id": "",
                            "route.3388492170.network_interface_id": "",
                            "route.3388492170.vpc_peering_connection_id": "",
                            "tags.%": "1",
                            "tags.Name": "oraclesorg",
                            "vpc_id": "vpc-8abafff2"
                        },
                        "meta": {},
                        "tainted": false
                    },
                    "deposed": [],
                    "provider": ""
                },
                "aws_elb.elb": {
                    "type": "aws_elb",
                    "depends_on": [
                        "aws_instance.bootnode-elb.*",
                        "aws_security_group.bootnode-elb"
                    ],
                    "primary": {
                        "id": "bootnodes",
                        "attributes": {
                            "access_logs.#": "0",
                            "arn": "arn:aws:elasticloadbalancing:us-east-1:441529010465:loadbalancer/bootnodes",
                            "availability_zones.#": "3",
                            "availability_zones.1305112097": "us-east-1b",
                            "availability_zones.3569565595": "us-east-1a",
                            "availability_zones.986537655": "us-east-1c",
                            "connection_draining": "false",
                            "connection_draining_timeout": "300",
                            "cross_zone_load_balancing": "true",
                            "dns_name": "bootnodes-1514523454.us-east-1.elb.amazonaws.com",
                            "health_check.#": "1",
                            "health_check.0.healthy_threshold": "10",
                            "health_check.0.interval": "5",
                            "health_check.0.target": "TCP:8545",
                            "health_check.0.timeout": "3",
                            "health_check.0.unhealthy_threshold": "2",
                            "id": "bootnodes",
                            "idle_timeout": "60",
                            "instances.#": "2",
                            "instances.1477241940": "i-02fecbc8419b3a85c",
                            "instances.2832890227": "i-0fb27d88135220260",
                            "internal": "false",
                            "listener.#": "1",
                            "listener.2786163485.instance_port": "8545",
                            "listener.2786163485.instance_protocol": "tcp",
                            "listener.2786163485.lb_port": "8545",
                            "listener.2786163485.lb_protocol": "tcp",
                            "listener.2786163485.ssl_certificate_id": "",
                            "name": "bootnodes",
                            "security_groups.#": "1",
                            "security_groups.1202898773": "sg-f5f9a280",
                            "source_security_group": "441529010465/bootnode-elb",
                            "source_security_group_id": "sg-f5f9a280",
                            "subnets.#": "3",
                            "subnets.1308825765": "subnet-f2703297",
                            "subnets.281127807": "subnet-2c6a6c77",
                            "subnets.50449382": "subnet-0d707b20",
                            "tags.%": "1",
                            "tags.Name": "bootnode-elb",
                            "zone_id": "Z35SXDOTRQ7X7K"
                        },
                        "meta": {},
                        "tainted": false
                    },
                    "deposed": [],
                    "provider": ""
                },
                "aws_instance.bootnode": {
                    "type": "aws_instance",
                    "depends_on": [
                        "aws_security_group.bootnode-ec2"
                    ],
                    "primary": {
                        "id": "i-0e3e6a40a347e06f2",
                        "attributes": {
                            "ami": "ami-aa2ea6d0",
                            "associate_public_ip_address": "true",
                            "availability_zone": "us-east-1a",
                            "disable_api_termination": "false",
                            "ebs_block_device.#": "0",
                            "ebs_optimized": "false",
                            "ephemeral_block_device.#": "0",
                            "iam_instance_profile": "",
                            "id": "i-0e3e6a40a347e06f2",
                            "instance_state": "running",
                            "instance_type": "t2.small",
                            "ipv6_addresses.#": "0",
                            "key_name": "oracles",
                            "monitoring": "false",
                            "network_interface.#": "0",
                            "network_interface_id": "eni-17c66e9f",
                            "placement_group": "",
                            "primary_network_interface_id": "eni-17c66e9f",
                            "private_dns": "ip-172-31-39-176.ec2.internal",
                            "private_ip": "172.31.39.176",
                            "public_dns": "ec2-52-23-218-107.compute-1.amazonaws.com",
                            "public_ip": "52.23.218.107",
                            "root_block_device.#": "1",
                            "root_block_device.0.delete_on_termination": "true",
                            "root_block_device.0.iops": "100",
                            "root_block_device.0.volume_size": "20",
                            "root_block_device.0.volume_type": "gp2",
                            "security_groups.#": "1",
                            "security_groups.2533295788": "bootnode-security",
                            "source_dest_check": "true",
                            "subnet_id": "subnet-2c6a6c77",
                            "tags.%": "1",
                            "tags.Name": "bootnode",
                            "tenancy": "default",
                            "volume_tags.%": "0",
                            "vpc_security_group_ids.#": "0"
                        },
                        "meta": {
                            "e2bfb730-ecaa-11e6-8f88-34363bc7c4c0": {
                                "create": 600000000000,
                                "delete": 600000000000,
                                "update": 600000000000
                            },
                            "schema_version": "1"
                        },
                        "tainted": false
                    },
                    "deposed": [],
                    "provider": ""
                },
                "aws_instance.bootnode-elb.0": {
                    "type": "aws_instance",
                    "depends_on": [
                        "aws_security_group.bootnode-ec2"
                    ],
                    "primary": {
                        "id": "i-02fecbc8419b3a85c",
                        "attributes": {
                            "ami": "ami-aa2ea6d0",
                            "associate_public_ip_address": "true",
                            "availability_zone": "us-east-1a",
                            "disable_api_termination": "false",
                            "ebs_block_device.#": "0",
                            "ebs_optimized": "false",
                            "ephemeral_block_device.#": "0",
                            "iam_instance_profile": "",
                            "id": "i-02fecbc8419b3a85c",
                            "instance_state": "running",
                            "instance_type": "t2.small",
                            "ipv6_addresses.#": "0",
                            "key_name": "oracles",
                            "monitoring": "false",
                            "network_interface.#": "0",
                            "network_interface_id": "eni-90c76f18",
                            "placement_group": "",
                            "primary_network_interface_id": "eni-90c76f18",
                            "private_dns": "ip-172-31-43-254.ec2.internal",
                            "private_ip": "172.31.43.254",
                            "public_dns": "ec2-52-55-225-1.compute-1.amazonaws.com",
                            "public_ip": "52.55.225.1",
                            "root_block_device.#": "1",
                            "root_block_device.0.delete_on_termination": "true",
                            "root_block_device.0.iops": "100",
                            "root_block_device.0.volume_size": "20",
                            "root_block_device.0.volume_type": "gp2",
                            "security_groups.#": "1",
                            "security_groups.2533295788": "bootnode-security",
                            "source_dest_check": "true",
                            "subnet_id": "subnet-2c6a6c77",
                            "tags.%": "1",
                            "tags.Name": "bootnode",
                            "tenancy": "default",
                            "volume_tags.%": "0",
                            "vpc_security_group_ids.#": "0"
                        },
                        "meta": {
                            "e2bfb730-ecaa-11e6-8f88-34363bc7c4c0": {
                                "create": 600000000000,
                                "delete": 600000000000,
                                "update": 600000000000
                            },
                            "schema_version": "1"
                        },
                        "tainted": false
                    },
                    "deposed": [],
                    "provider": ""
                },
                "aws_instance.bootnode-elb.1": {
                    "type": "aws_instance",
                    "depends_on": [
                        "aws_security_group.bootnode-ec2"
                    ],
                    "primary": {
                        "id": "i-0fb27d88135220260",
                        "attributes": {
                            "ami": "ami-aa2ea6d0",
                            "associate_public_ip_address": "true",
                            "availability_zone": "us-east-1b",
                            "disable_api_termination": "false",
                            "ebs_block_device.#": "0",
                            "ebs_optimized": "false",
                            "ephemeral_block_device.#": "0",
                            "iam_instance_profile": "",
                            "id": "i-0fb27d88135220260",
                            "instance_state": "running",
                            "instance_type": "t2.small",
                            "ipv6_addresses.#": "0",
                            "key_name": "oracles",
                            "monitoring": "false",
                            "network_interface.#": "0",
                            "network_interface_id": "eni-2b6832aa",
                            "placement_group": "",
                            "primary_network_interface_id": "eni-2b6832aa",
                            "private_dns": "ip-172-31-1-73.ec2.internal",
                            "private_ip": "172.31.1.73",
                            "public_dns": "ec2-34-234-170-173.compute-1.amazonaws.com",
                            "public_ip": "34.234.170.173",
                            "root_block_device.#": "1",
                            "root_block_device.0.delete_on_termination": "true",
                            "root_block_device.0.iops": "100",
                            "root_block_device.0.volume_size": "20",
                            "root_block_device.0.volume_type": "gp2",
                            "security_groups.#": "1",
                            "security_groups.2533295788": "bootnode-security",
                            "source_dest_check": "true",
                            "subnet_id": "subnet-f2703297",
                            "tags.%": "1",
                            "tags.Name": "bootnode",
                            "tenancy": "default",
                            "volume_tags.%": "0",
                            "vpc_security_group_ids.#": "0"
                        },
                        "meta": {
                            "e2bfb730-ecaa-11e6-8f88-34363bc7c4c0": {
                                "create": 600000000000,
                                "delete": 600000000000,
                                "update": 600000000000
                            },
                            "schema_version": "1"
                        },
                        "tainted": false
                    },
                    "deposed": [],
                    "provider": ""
                },
                "aws_instance.mining": {
                    "type": "aws_instance",
                    "depends_on": [
                        "aws_security_group.mining-ec2"
                    ],
                    "primary": {
                        "id": "i-057e55df1289df9e2",
                        "attributes": {
                            "ami": "ami-aa2ea6d0",
                            "associate_public_ip_address": "true",
                            "availability_zone": "us-east-1b",
                            "disable_api_termination": "false",
                            "ebs_block_device.#": "0",
                            "ebs_optimized": "false",
                            "ephemeral_block_device.#": "0",
                            "iam_instance_profile": "",
                            "id": "i-057e55df1289df9e2",
                            "instance_state": "running",
                            "instance_type": "t2.small",
                            "ipv6_addresses.#": "0",
                            "key_name": "oracles",
                            "monitoring": "false",
                            "network_interface.#": "0",
                            "network_interface_id": "eni-ce752f4f",
                            "placement_group": "",
                            "primary_network_interface_id": "eni-ce752f4f",
                            "private_dns": "ip-172-31-1-124.ec2.internal",
                            "private_ip": "172.31.1.124",
                            "public_dns": "ec2-34-239-226-123.compute-1.amazonaws.com",
                            "public_ip": "34.239.226.123",
                            "root_block_device.#": "1",
                            "root_block_device.0.delete_on_termination": "true",
                            "root_block_device.0.iops": "100",
                            "root_block_device.0.volume_size": "20",
                            "root_block_device.0.volume_type": "gp2",
                            "security_groups.#": "1",
                            "security_groups.3893889405": "mining-security",
                            "source_dest_check": "true",
                            "subnet_id": "subnet-f2703297",
                            "tags.%": "1",
                            "tags.Name": "mining",
                            "tenancy": "default",
                            "volume_tags.%": "0",
                            "vpc_security_group_ids.#": "0"
                        },
                        "meta": {
                            "e2bfb730-ecaa-11e6-8f88-34363bc7c4c0": {
                                "create": 600000000000,
                                "delete": 600000000000,
                                "update": 600000000000
                            },
                            "schema_version": "1"
                        },
                        "tainted": false
                    },
                    "deposed": [],
                    "provider": ""
                },
                "aws_instance.owner": {
                    "type": "aws_instance",
                    "depends_on": [
                        "aws_security_group.owner-ec2"
                    ],
                    "primary": {
                        "id": "i-02bc0469101d66471",
                        "attributes": {
                            "ami": "ami-aa2ea6d0",
                            "associate_public_ip_address": "true",
                            "availability_zone": "us-east-1c",
                            "disable_api_termination": "false",
                            "ebs_block_device.#": "0",
                            "ebs_optimized": "false",
                            "ephemeral_block_device.#": "0",
                            "iam_instance_profile": "",
                            "id": "i-02bc0469101d66471",
                            "instance_state": "running",
                            "instance_type": "t2.small",
                            "ipv6_addresses.#": "0",
                            "key_name": "oracles",
                            "monitoring": "false",
                            "network_interface.#": "0",
                            "network_interface_id": "eni-0395a68c",
                            "placement_group": "",
                            "primary_network_interface_id": "eni-0395a68c",
                            "private_dns": "ip-172-31-76-139.ec2.internal",
                            "private_ip": "172.31.76.139",
                            "public_dns": "ec2-34-230-73-120.compute-1.amazonaws.com",
                            "public_ip": "34.230.73.120",
                            "root_block_device.#": "1",
                            "root_block_device.0.delete_on_termination": "true",
                            "root_block_device.0.iops": "100",
                            "root_block_device.0.volume_size": "20",
                            "root_block_device.0.volume_type": "gp2",
                            "security_groups.#": "1",
                            "security_groups.221153105": "owner-security",
                            "source_dest_check": "true",
                            "subnet_id": "subnet-0d707b20",
                            "tags.%": "1",
                            "tags.Name": "owner",
                            "tenancy": "default",
                            "volume_tags.%": "0",
                            "vpc_security_group_ids.#": "0"
                        },
                        "meta": {
                            "e2bfb730-ecaa-11e6-8f88-34363bc7c4c0": {
                                "create": 600000000000,
                                "delete": 600000000000,
                                "update": 600000000000
                            },
                            "schema_version": "1"
                        },
                        "tainted": false
                    },
                    "deposed": [],
                    "provider": ""
                },
                "aws_internet_gateway.gw": {
                    "type": "aws_internet_gateway",
                    "depends_on": [
                        "aws_vpc.vpc"
                    ],
                    "primary": {
                        "id": "igw-e6e0999f",
                        "attributes": {
                            "id": "igw-e6e0999f",
                            "tags.%": "1",
                            "tags.Name": "oraclesorg",
                            "vpc_id": "vpc-8abafff2"
                        },
                        "meta": {},
                        "tainted": false
                    },
                    "deposed": [],
                    "provider": ""
                },
                "aws_security_group.bootnode-ec2": {
                    "type": "aws_security_group",
                    "depends_on": [],
                    "primary": {
                        "id": "sg-b0f3a8c5",
                        "attributes": {
                            "description": "Default bootnode security group",
                            "egress.#": "1",
                            "egress.482069346.cidr_blocks.#": "1",
                            "egress.482069346.cidr_blocks.0": "0.0.0.0/0",
                            "egress.482069346.description": "",
                            "egress.482069346.from_port": "0",
                            "egress.482069346.ipv6_cidr_blocks.#": "0",
                            "egress.482069346.prefix_list_ids.#": "0",
                            "egress.482069346.protocol": "-1",
                            "egress.482069346.security_groups.#": "0",
                            "egress.482069346.self": "false",
                            "egress.482069346.to_port": "0",
                            "id": "sg-b0f3a8c5",
                            "ingress.#": "5",
                            "ingress.1115251258.cidr_blocks.#": "1",
                            "ingress.1115251258.cidr_blocks.0": "0.0.0.0/0",
                            "ingress.1115251258.description": "",
                            "ingress.1115251258.from_port": "30303",
                            "ingress.1115251258.ipv6_cidr_blocks.#": "0",
                            "ingress.1115251258.protocol": "udp",
                            "ingress.1115251258.security_groups.#": "0",
                            "ingress.1115251258.self": "false",
                            "ingress.1115251258.to_port": "30303",
                            "ingress.1830867511.cidr_blocks.#": "1",
                            "ingress.1830867511.cidr_blocks.0": "0.0.0.0/0",
                            "ingress.1830867511.description": "",
                            "ingress.1830867511.from_port": "30303",
                            "ingress.1830867511.ipv6_cidr_blocks.#": "0",
                            "ingress.1830867511.protocol": "tcp",
                            "ingress.1830867511.security_groups.#": "0",
                            "ingress.1830867511.self": "false",
                            "ingress.1830867511.to_port": "30303",
                            "ingress.2371292219.cidr_blocks.#": "1",
                            "ingress.2371292219.cidr_blocks.0": "0.0.0.0/0",
                            "ingress.2371292219.description": "",
                            "ingress.2371292219.from_port": "8545",
                            "ingress.2371292219.ipv6_cidr_blocks.#": "0",
                            "ingress.2371292219.protocol": "tcp",
                            "ingress.2371292219.security_groups.#": "0",
                            "ingress.2371292219.self": "false",
                            "ingress.2371292219.to_port": "8545",
                            "ingress.2541437006.cidr_blocks.#": "1",
                            "ingress.2541437006.cidr_blocks.0": "0.0.0.0/0",
                            "ingress.2541437006.description": "",
                            "ingress.2541437006.from_port": "22",
                            "ingress.2541437006.ipv6_cidr_blocks.#": "0",
                            "ingress.2541437006.protocol": "tcp",
                            "ingress.2541437006.security_groups.#": "0",
                            "ingress.2541437006.self": "false",
                            "ingress.2541437006.to_port": "22",
                            "ingress.2617001939.cidr_blocks.#": "1",
                            "ingress.2617001939.cidr_blocks.0": "0.0.0.0/0",
                            "ingress.2617001939.description": "",
                            "ingress.2617001939.from_port": "443",
                            "ingress.2617001939.ipv6_cidr_blocks.#": "0",
                            "ingress.2617001939.protocol": "tcp",
                            "ingress.2617001939.security_groups.#": "0",
                            "ingress.2617001939.self": "false",
                            "ingress.2617001939.to_port": "443",
                            "name": "bootnode-security",
                            "owner_id": "441529010465",
                            "revoke_rules_on_delete": "false",
                            "tags.%": "1",
                            "tags.Name": "bootnode",
                            "vpc_id": "vpc-ff331d99"
                        },
                        "meta": {
                            "schema_version": "1"
                        },
                        "tainted": false
                    },
                    "deposed": [],
                    "provider": ""
                },
                "aws_security_group.bootnode-elb": {
                    "type": "aws_security_group",
                    "depends_on": [],
                    "primary": {
                        "id": "sg-f5f9a280",
                        "attributes": {
                            "description": "Incoming traffic to the bootnode elb",
                            "egress.#": "1",
                            "egress.482069346.cidr_blocks.#": "1",
                            "egress.482069346.cidr_blocks.0": "0.0.0.0/0",
                            "egress.482069346.description": "",
                            "egress.482069346.from_port": "0",
                            "egress.482069346.ipv6_cidr_blocks.#": "0",
                            "egress.482069346.prefix_list_ids.#": "0",
                            "egress.482069346.protocol": "-1",
                            "egress.482069346.security_groups.#": "0",
                            "egress.482069346.self": "false",
                            "egress.482069346.to_port": "0",
                            "id": "sg-f5f9a280",
                            "ingress.#": "4",
                            "ingress.1115251258.cidr_blocks.#": "1",
                            "ingress.1115251258.cidr_blocks.0": "0.0.0.0/0",
                            "ingress.1115251258.description": "",
                            "ingress.1115251258.from_port": "30303",
                            "ingress.1115251258.ipv6_cidr_blocks.#": "0",
                            "ingress.1115251258.protocol": "udp",
                            "ingress.1115251258.security_groups.#": "0",
                            "ingress.1115251258.self": "false",
                            "ingress.1115251258.to_port": "30303",
                            "ingress.1830867511.cidr_blocks.#": "1",
                            "ingress.1830867511.cidr_blocks.0": "0.0.0.0/0",
                            "ingress.1830867511.description": "",
                            "ingress.1830867511.from_port": "30303",
                            "ingress.1830867511.ipv6_cidr_blocks.#": "0",
                            "ingress.1830867511.protocol": "tcp",
                            "ingress.1830867511.security_groups.#": "0",
                            "ingress.1830867511.self": "false",
                            "ingress.1830867511.to_port": "30303",
                            "ingress.2371292219.cidr_blocks.#": "1",
                            "ingress.2371292219.cidr_blocks.0": "0.0.0.0/0",
                            "ingress.2371292219.description": "",
                            "ingress.2371292219.from_port": "8545",
                            "ingress.2371292219.ipv6_cidr_blocks.#": "0",
                            "ingress.2371292219.protocol": "tcp",
                            "ingress.2371292219.security_groups.#": "0",
                            "ingress.2371292219.self": "false",
                            "ingress.2371292219.to_port": "8545",
                            "ingress.2617001939.cidr_blocks.#": "1",
                            "ingress.2617001939.cidr_blocks.0": "0.0.0.0/0",
                            "ingress.2617001939.description": "",
                            "ingress.2617001939.from_port": "443",
                            "ingress.2617001939.ipv6_cidr_blocks.#": "0",
                            "ingress.2617001939.protocol": "tcp",
                            "ingress.2617001939.security_groups.#": "0",
                            "ingress.2617001939.self": "false",
                            "ingress.2617001939.to_port": "443",
                            "name": "bootnode-elb",
                            "owner_id": "441529010465",
                            "revoke_rules_on_delete": "false",
                            "tags.%": "1",
                            "tags.Name": "bootnode-elb",
                            "vpc_id": "vpc-ff331d99"
                        },
                        "meta": {
                            "schema_version": "1"
                        },
                        "tainted": false
                    },
                    "deposed": [],
                    "provider": ""
                },
                "aws_security_group.mining-ec2": {
                    "type": "aws_security_group",
                    "depends_on": [],
                    "primary": {
                        "id": "sg-ebc59e9e",
                        "attributes": {
                            "description": "Default mining security group",
                            "egress.#": "1",
                            "egress.482069346.cidr_blocks.#": "1",
                            "egress.482069346.cidr_blocks.0": "0.0.0.0/0",
                            "egress.482069346.description": "",
                            "egress.482069346.from_port": "0",
                            "egress.482069346.ipv6_cidr_blocks.#": "0",
                            "egress.482069346.prefix_list_ids.#": "0",
                            "egress.482069346.protocol": "-1",
                            "egress.482069346.security_groups.#": "0",
                            "egress.482069346.self": "false",
                            "egress.482069346.to_port": "0",
                            "id": "sg-ebc59e9e",
                            "ingress.#": "3",
                            "ingress.1115251258.cidr_blocks.#": "1",
                            "ingress.1115251258.cidr_blocks.0": "0.0.0.0/0",
                            "ingress.1115251258.description": "",
                            "ingress.1115251258.from_port": "30303",
                            "ingress.1115251258.ipv6_cidr_blocks.#": "0",
                            "ingress.1115251258.protocol": "udp",
                            "ingress.1115251258.security_groups.#": "0",
                            "ingress.1115251258.self": "false",
                            "ingress.1115251258.to_port": "30303",
                            "ingress.1830867511.cidr_blocks.#": "1",
                            "ingress.1830867511.cidr_blocks.0": "0.0.0.0/0",
                            "ingress.1830867511.description": "",
                            "ingress.1830867511.from_port": "30303",
                            "ingress.1830867511.ipv6_cidr_blocks.#": "0",
                            "ingress.1830867511.protocol": "tcp",
                            "ingress.1830867511.security_groups.#": "0",
                            "ingress.1830867511.self": "false",
                            "ingress.1830867511.to_port": "30303",
                            "ingress.2541437006.cidr_blocks.#": "1",
                            "ingress.2541437006.cidr_blocks.0": "0.0.0.0/0",
                            "ingress.2541437006.description": "",
                            "ingress.2541437006.from_port": "22",
                            "ingress.2541437006.ipv6_cidr_blocks.#": "0",
                            "ingress.2541437006.protocol": "tcp",
                            "ingress.2541437006.security_groups.#": "0",
                            "ingress.2541437006.self": "false",
                            "ingress.2541437006.to_port": "22",
                            "name": "mining-security",
                            "owner_id": "441529010465",
                            "revoke_rules_on_delete": "false",
                            "tags.%": "1",
                            "tags.Name": "mining",
                            "vpc_id": "vpc-ff331d99"
                        },
                        "meta": {
                            "schema_version": "1"
                        },
                        "tainted": false
                    },
                    "deposed": [],
                    "provider": ""
                },
                "aws_security_group.owner-ec2": {
                    "type": "aws_security_group",
                    "depends_on": [],
                    "primary": {
                        "id": "sg-43fba036",
                        "attributes": {
                            "description": "Default owner security group",
                            "egress.#": "1",
                            "egress.482069346.cidr_blocks.#": "1",
                            "egress.482069346.cidr_blocks.0": "0.0.0.0/0",
                            "egress.482069346.description": "",
                            "egress.482069346.from_port": "0",
                            "egress.482069346.ipv6_cidr_blocks.#": "0",
                            "egress.482069346.prefix_list_ids.#": "0",
                            "egress.482069346.protocol": "-1",
                            "egress.482069346.security_groups.#": "0",
                            "egress.482069346.self": "false",
                            "egress.482069346.to_port": "0",
                            "id": "sg-43fba036",
                            "ingress.#": "3",
                            "ingress.1115251258.cidr_blocks.#": "1",
                            "ingress.1115251258.cidr_blocks.0": "0.0.0.0/0",
                            "ingress.1115251258.description": "",
                            "ingress.1115251258.from_port": "30303",
                            "ingress.1115251258.ipv6_cidr_blocks.#": "0",
                            "ingress.1115251258.protocol": "udp",
                            "ingress.1115251258.security_groups.#": "0",
                            "ingress.1115251258.self": "false",
                            "ingress.1115251258.to_port": "30303",
                            "ingress.1830867511.cidr_blocks.#": "1",
                            "ingress.1830867511.cidr_blocks.0": "0.0.0.0/0",
                            "ingress.1830867511.description": "",
                            "ingress.1830867511.from_port": "30303",
                            "ingress.1830867511.ipv6_cidr_blocks.#": "0",
                            "ingress.1830867511.protocol": "tcp",
                            "ingress.1830867511.security_groups.#": "0",
                            "ingress.1830867511.self": "false",
                            "ingress.1830867511.to_port": "30303",
                            "ingress.2541437006.cidr_blocks.#": "1",
                            "ingress.2541437006.cidr_blocks.0": "0.0.0.0/0",
                            "ingress.2541437006.description": "",
                            "ingress.2541437006.from_port": "22",
                            "ingress.2541437006.ipv6_cidr_blocks.#": "0",
                            "ingress.2541437006.protocol": "tcp",
                            "ingress.2541437006.security_groups.#": "0",
                            "ingress.2541437006.self": "false",
                            "ingress.2541437006.to_port": "22",
                            "name": "owner-security",
                            "owner_id": "441529010465",
                            "revoke_rules_on_delete": "false",
                            "tags.%": "1",
                            "tags.Name": "owner",
                            "vpc_id": "vpc-ff331d99"
                        },
                        "meta": {
                            "schema_version": "1"
                        },
                        "tainted": false
                    },
                    "deposed": [],
                    "provider": ""
                },
                "aws_subnet.a": {
                    "type": "aws_subnet",
                    "depends_on": [
                        "aws_vpc.vpc"
                    ],
                    "primary": {
                        "id": "subnet-ae319ff3",
                        "attributes": {
                            "assign_ipv6_address_on_creation": "false",
                            "availability_zone": "us-east-1a",
                            "cidr_block": "10.0.1.0/24",
                            "id": "subnet-ae319ff3",
                            "map_public_ip_on_launch": "false",
                            "tags.%": "1",
                            "tags.Name": "oraclesorg",
                            "vpc_id": "vpc-8abafff2"
                        },
                        "meta": {
                            "schema_version": "1"
                        },
                        "tainted": false
                    },
                    "deposed": [],
                    "provider": ""
                },
                "aws_subnet.b": {
                    "type": "aws_subnet",
                    "depends_on": [
                        "aws_vpc.vpc"
                    ],
                    "primary": {
                        "id": "subnet-2f2e524b",
                        "attributes": {
                            "assign_ipv6_address_on_creation": "false",
                            "availability_zone": "us-east-1b",
                            "cidr_block": "10.0.2.0/24",
                            "id": "subnet-2f2e524b",
                            "map_public_ip_on_launch": "false",
                            "tags.%": "1",
                            "tags.Name": "oraclesorg",
                            "vpc_id": "vpc-8abafff2"
                        },
                        "meta": {
                            "schema_version": "1"
                        },
                        "tainted": false
                    },
                    "deposed": [],
                    "provider": ""
                },
                "aws_subnet.c": {
                    "type": "aws_subnet",
                    "depends_on": [
                        "aws_vpc.vpc"
                    ],
                    "primary": {
                        "id": "subnet-ff3b8ed0",
                        "attributes": {
                            "assign_ipv6_address_on_creation": "false",
                            "availability_zone": "us-east-1c",
                            "cidr_block": "10.0.3.0/24",
                            "id": "subnet-ff3b8ed0",
                            "map_public_ip_on_launch": "false",
                            "tags.%": "1",
                            "tags.Name": "oraclesorg",
                            "vpc_id": "vpc-8abafff2"
                        },
                        "meta": {
                            "schema_version": "1"
                        },
                        "tainted": false
                    },
                    "deposed": [],
                    "provider": ""
                },
                "aws_vpc.vpc": {
                    "type": "aws_vpc",
                    "depends_on": [],
                    "primary": {
                        "id": "vpc-8abafff2",
                        "attributes": {
                            "assign_generated_ipv6_cidr_block": "false",
                            "cidr_block": "10.0.0.0/16",
                            "default_network_acl_id": "acl-399b5b42",
                            "default_route_table_id": "rtb-0a5db577",
                            "default_security_group_id": "sg-f0f5ae85",
                            "dhcp_options_id": "dopt-20201147",
                            "enable_classiclink": "false",
                            "enable_classiclink_dns_support": "false",
                            "enable_dns_hostnames": "false",
                            "enable_dns_support": "true",
                            "id": "vpc-8abafff2",
                            "instance_tenancy": "default",
                            "main_route_table_id": "rtb-0a5db577",
                            "tags.%": "1",
                            "tags.Name": "oraclesorg"
                        },
                        "meta": {
                            "schema_version": "1"
                        },
                        "tainted": false
                    },
                    "deposed": [],
                    "provider": ""
                }
            },
            "depends_on": []
        }
    ]
}
